
Microsoft Visual Studio Solution File, Format Version 12.00
# Visual Studio 14
VisualStudioVersion = 14.0.25420.1
MinimumVisualStudioVersion = 10.0.40219.1
Project("{8BC9CEB8-8B4A-11D0-8D11-00A0C91BC942}") = "test", "test\test.vcxproj", "{3E921BA2-20DA-42DE-8C1B-413409A93FCE}"
EndProject
Project("{8BC9CEB8-8B4A-11D0-8D11-00A0C91BC942}") = "DateTime", "DateTime\DateTime.vcxproj", "{8EBA05A1-323F-479E-A45E-D7BA399733D6}"
EndProject
Project("{2150E333-8FDC-42A3-9474-1A3956D46DE8}") = "Solution Items", "Solution Items", "{A06E5CBE-42BA-4977-92C9-7C94871019BC}"
	ProjectSection(SolutionItems) = preProject
		.gitignore = .gitignore
		CMakeLists.txt = CMakeLists.txt
	EndProjectSection
EndProject
Project("{8BC9CEB8-8B4A-11D0-8D11-00A0C91BC942}") = "LogFile", "LogFile\LogFile.vcxproj", "{665D27DD-F6B1-496C-9261-45DC2452088A}"
EndProject
Project("{8BC9CEB8-8B4A-11D0-8D11-00A0C91BC942}") = "XmlObject", "XmlObject\XmlObject.vcxproj", "{14409DD1-0A70-4398-AA3E-A5441256B1A4}"
EndProject
Project("{8BC9CEB8-8B4A-11D0-8D11-00A0C91BC942}") = "JsonObject", "JsonObject\JsonObject.vcxproj", "{97E468B3-25D5-46F2-AF62-5CD3C6C3F025}"
EndProject
Project("{8BC9CEB8-8B4A-11D0-8D11-00A0C91BC942}") = "DataBase", "DataBase\DataBase.vcxproj", "{A10F9228-3233-4E30-B106-6D0B283B5E34}"
EndProject
Project("{8BC9CEB8-8B4A-11D0-8D11-00A0C91BC942}") = "LibEvent", "LibEvent\LibEvent.vcxproj", "{135E660F-95EF-4354-B05E-1EA54676BE3F}"
EndProject
Project("{8BC9CEB8-8B4A-11D0-8D11-00A0C91BC942}") = "PublicInclude", "PublicInclude\PublicInclude.vcxproj", "{F6EAF776-ED41-4774-B98D-EE826E74E74F}"
EndProject
Project("{8BC9CEB8-8B4A-11D0-8D11-00A0C91BC942}") = "SecurityModule", "SecurityModule\SecurityModule.vcxproj", "{F7966D11-E409-44DC-A27B-179A84FE037A}"
EndProject
Project("{8BC9CEB8-8B4A-11D0-8D11-00A0C91BC942}") = "RandomSelfTest", "RandomSelfTest\RandomSelfTest.vcxproj", "{F7FA929D-CEAD-4FF9-8361-44BF7C17853F}"
EndProject
Project("{8BC9CEB8-8B4A-11D0-8D11-00A0C91BC942}") = "JNITest", "JNITest\JNITest.vcxproj", "{45A07964-6FE7-4CBF-84B6-8F4CE14EF881}"
EndProject
Project("{8BC9CEB8-8B4A-11D0-8D11-00A0C91BC942}") = "MyCompress", "MyCompress\MyCompress.vcxproj", "{A6F16282-D5B1-43C3-B2D0-18E6CBB51A2A}"
EndProject
Project("{8BC9CEB8-8B4A-11D0-8D11-00A0C91BC942}") = "MyCurl", "MyCurl\MyCurl.vcxproj", "{4F69AC45-963D-4D4F-85EE-B195349D485A}"
EndProject
Project("{8BC9CEB8-8B4A-11D0-8D11-00A0C91BC942}") = "OS", "OS\OS.vcxproj", "{78039C3C-A403-4363-8E79-27854D2B5C1B}"
EndProject
Global
	GlobalSection(SolutionConfigurationPlatforms) = preSolution
		Debug|x64 = Debug|x64
		Debug|x86 = Debug|x86
		Release|x64 = Release|x64
		Release|x86 = Release|x86
	EndGlobalSection
	GlobalSection(ProjectConfigurationPlatforms) = postSolution
		{3E921BA2-20DA-42DE-8C1B-413409A93FCE}.Debug|x64.ActiveCfg = Debug|x64
		{3E921BA2-20DA-42DE-8C1B-413409A93FCE}.Debug|x64.Build.0 = Debug|x64
		{3E921BA2-20DA-42DE-8C1B-413409A93FCE}.Debug|x86.ActiveCfg = Debug|Win32
		{3E921BA2-20DA-42DE-8C1B-413409A93FCE}.Debug|x86.Build.0 = Debug|Win32
		{3E921BA2-20DA-42DE-8C1B-413409A93FCE}.Release|x64.ActiveCfg = Release|x64
		{3E921BA2-20DA-42DE-8C1B-413409A93FCE}.Release|x64.Build.0 = Release|x64
		{3E921BA2-20DA-42DE-8C1B-413409A93FCE}.Release|x86.ActiveCfg = Release|Win32
		{3E921BA2-20DA-42DE-8C1B-413409A93FCE}.Release|x86.Build.0 = Release|Win32
		{8EBA05A1-323F-479E-A45E-D7BA399733D6}.Debug|x64.ActiveCfg = Debug|x64
		{8EBA05A1-323F-479E-A45E-D7BA399733D6}.Debug|x64.Build.0 = Debug|x64
		{8EBA05A1-323F-479E-A45E-D7BA399733D6}.Debug|x86.ActiveCfg = Debug|Win32
		{8EBA05A1-323F-479E-A45E-D7BA399733D6}.Debug|x86.Build.0 = Debug|Win32
		{8EBA05A1-323F-479E-A45E-D7BA399733D6}.Release|x64.ActiveCfg = Release|x64
		{8EBA05A1-323F-479E-A45E-D7BA399733D6}.Release|x64.Build.0 = Release|x64
		{8EBA05A1-323F-479E-A45E-D7BA399733D6}.Release|x86.ActiveCfg = Release|Win32
		{8EBA05A1-323F-479E-A45E-D7BA399733D6}.Release|x86.Build.0 = Release|Win32
		{665D27DD-F6B1-496C-9261-45DC2452088A}.Debug|x64.ActiveCfg = Debug|x64
		{665D27DD-F6B1-496C-9261-45DC2452088A}.Debug|x64.Build.0 = Debug|x64
		{665D27DD-F6B1-496C-9261-45DC2452088A}.Debug|x86.ActiveCfg = Debug|Win32
		{665D27DD-F6B1-496C-9261-45DC2452088A}.Debug|x86.Build.0 = Debug|Win32
		{665D27DD-F6B1-496C-9261-45DC2452088A}.Release|x64.ActiveCfg = Release|x64
		{665D27DD-F6B1-496C-9261-45DC2452088A}.Release|x64.Build.0 = Release|x64
		{665D27DD-F6B1-496C-9261-45DC2452088A}.Release|x86.ActiveCfg = Release|Win32
		{665D27DD-F6B1-496C-9261-45DC2452088A}.Release|x86.Build.0 = Release|Win32
		{14409DD1-0A70-4398-AA3E-A5441256B1A4}.Debug|x64.ActiveCfg = Debug|x64
		{14409DD1-0A70-4398-AA3E-A5441256B1A4}.Debug|x64.Build.0 = Debug|x64
		{14409DD1-0A70-4398-AA3E-A5441256B1A4}.Debug|x86.ActiveCfg = Debug|Win32
		{14409DD1-0A70-4398-AA3E-A5441256B1A4}.Debug|x86.Build.0 = Debug|Win32
		{14409DD1-0A70-4398-AA3E-A5441256B1A4}.Release|x64.ActiveCfg = Release|x64
		{14409DD1-0A70-4398-AA3E-A5441256B1A4}.Release|x64.Build.0 = Release|x64
		{14409DD1-0A70-4398-AA3E-A5441256B1A4}.Release|x86.ActiveCfg = Release|Win32
		{14409DD1-0A70-4398-AA3E-A5441256B1A4}.Release|x86.Build.0 = Release|Win32
		{97E468B3-25D5-46F2-AF62-5CD3C6C3F025}.Debug|x64.ActiveCfg = Debug|x64
		{97E468B3-25D5-46F2-AF62-5CD3C6C3F025}.Debug|x64.Build.0 = Debug|x64
		{97E468B3-25D5-46F2-AF62-5CD3C6C3F025}.Debug|x86.ActiveCfg = Debug|Win32
		{97E468B3-25D5-46F2-AF62-5CD3C6C3F025}.Debug|x86.Build.0 = Debug|Win32
		{97E468B3-25D5-46F2-AF62-5CD3C6C3F025}.Release|x64.ActiveCfg = Release|x64
		{97E468B3-25D5-46F2-AF62-5CD3C6C3F025}.Release|x64.Build.0 = Release|x64
		{97E468B3-25D5-46F2-AF62-5CD3C6C3F025}.Release|x86.ActiveCfg = Release|Win32
		{97E468B3-25D5-46F2-AF62-5CD3C6C3F025}.Release|x86.Build.0 = Release|Win32
		{A10F9228-3233-4E30-B106-6D0B283B5E34}.Debug|x64.ActiveCfg = Debug|x64
		{A10F9228-3233-4E30-B106-6D0B283B5E34}.Debug|x64.Build.0 = Debug|x64
		{A10F9228-3233-4E30-B106-6D0B283B5E34}.Debug|x86.ActiveCfg = Debug|Win32
		{A10F9228-3233-4E30-B106-6D0B283B5E34}.Debug|x86.Build.0 = Debug|Win32
		{A10F9228-3233-4E30-B106-6D0B283B5E34}.Release|x64.ActiveCfg = Release|x64
		{A10F9228-3233-4E30-B106-6D0B283B5E34}.Release|x64.Build.0 = Release|x64
		{A10F9228-3233-4E30-B106-6D0B283B5E34}.Release|x86.ActiveCfg = Release|Win32
		{A10F9228-3233-4E30-B106-6D0B283B5E34}.Release|x86.Build.0 = Release|Win32
		{135E660F-95EF-4354-B05E-1EA54676BE3F}.Debug|x64.ActiveCfg = Debug|x64
		{135E660F-95EF-4354-B05E-1EA54676BE3F}.Debug|x64.Build.0 = Debug|x64
		{135E660F-95EF-4354-B05E-1EA54676BE3F}.Debug|x86.ActiveCfg = Debug|Win32
		{135E660F-95EF-4354-B05E-1EA54676BE3F}.Debug|x86.Build.0 = Debug|Win32
		{135E660F-95EF-4354-B05E-1EA54676BE3F}.Release|x64.ActiveCfg = Release|x64
		{135E660F-95EF-4354-B05E-1EA54676BE3F}.Release|x64.Build.0 = Release|x64
		{135E660F-95EF-4354-B05E-1EA54676BE3F}.Release|x86.ActiveCfg = Release|Win32
		{135E660F-95EF-4354-B05E-1EA54676BE3F}.Release|x86.Build.0 = Release|Win32
		{F6EAF776-ED41-4774-B98D-EE826E74E74F}.Debug|x64.ActiveCfg = Debug|x64
		{F6EAF776-ED41-4774-B98D-EE826E74E74F}.Debug|x64.Build.0 = Debug|x64
		{F6EAF776-ED41-4774-B98D-EE826E74E74F}.Debug|x86.ActiveCfg = Debug|Win32
		{F6EAF776-ED41-4774-B98D-EE826E74E74F}.Debug|x86.Build.0 = Debug|Win32
		{F6EAF776-ED41-4774-B98D-EE826E74E74F}.Release|x64.ActiveCfg = Release|x64
		{F6EAF776-ED41-4774-B98D-EE826E74E74F}.Release|x64.Build.0 = Release|x64
		{F6EAF776-ED41-4774-B98D-EE826E74E74F}.Release|x86.ActiveCfg = Release|Win32
		{F6EAF776-ED41-4774-B98D-EE826E74E74F}.Release|x86.Build.0 = Release|Win32
		{F7966D11-E409-44DC-A27B-179A84FE037A}.Debug|x64.ActiveCfg = Debug|x64
		{F7966D11-E409-44DC-A27B-179A84FE037A}.Debug|x64.Build.0 = Debug|x64
		{F7966D11-E409-44DC-A27B-179A84FE037A}.Debug|x86.ActiveCfg = Debug|Win32
		{F7966D11-E409-44DC-A27B-179A84FE037A}.Debug|x86.Build.0 = Debug|Win32
		{F7966D11-E409-44DC-A27B-179A84FE037A}.Release|x64.ActiveCfg = Release|x64
		{F7966D11-E409-44DC-A27B-179A84FE037A}.Release|x64.Build.0 = Release|x64
		{F7966D11-E409-44DC-A27B-179A84FE037A}.Release|x86.ActiveCfg = Release|Win32
		{F7966D11-E409-44DC-A27B-179A84FE037A}.Release|x86.Build.0 = Release|Win32
		{F7FA929D-CEAD-4FF9-8361-44BF7C17853F}.Debug|x64.ActiveCfg = Debug|x64
		{F7FA929D-CEAD-4FF9-8361-44BF7C17853F}.Debug|x64.Build.0 = Debug|x64
		{F7FA929D-CEAD-4FF9-8361-44BF7C17853F}.Debug|x86.ActiveCfg = Debug|Win32
		{F7FA929D-CEAD-4FF9-8361-44BF7C17853F}.Debug|x86.Build.0 = Debug|Win32
		{F7FA929D-CEAD-4FF9-8361-44BF7C17853F}.Release|x64.ActiveCfg = Release|x64
		{F7FA929D-CEAD-4FF9-8361-44BF7C17853F}.Release|x64.Build.0 = Release|x64
		{F7FA929D-CEAD-4FF9-8361-44BF7C17853F}.Release|x86.ActiveCfg = Release|Win32
		{F7FA929D-CEAD-4FF9-8361-44BF7C17853F}.Release|x86.Build.0 = Release|Win32
		{45A07964-6FE7-4CBF-84B6-8F4CE14EF881}.Debug|x64.ActiveCfg = Debug|x64
		{45A07964-6FE7-4CBF-84B6-8F4CE14EF881}.Debug|x64.Build.0 = Debug|x64
		{45A07964-6FE7-4CBF-84B6-8F4CE14EF881}.Debug|x86.ActiveCfg = Debug|Win32
		{45A07964-6FE7-4CBF-84B6-8F4CE14EF881}.Debug|x86.Build.0 = Debug|Win32
		{45A07964-6FE7-4CBF-84B6-8F4CE14EF881}.Release|x64.ActiveCfg = Release|x64
		{45A07964-6FE7-4CBF-84B6-8F4CE14EF881}.Release|x64.Build.0 = Release|x64
		{45A07964-6FE7-4CBF-84B6-8F4CE14EF881}.Release|x86.ActiveCfg = Release|Win32
		{45A07964-6FE7-4CBF-84B6-8F4CE14EF881}.Release|x86.Build.0 = Release|Win32
		{A6F16282-D5B1-43C3-B2D0-18E6CBB51A2A}.Debug|x64.ActiveCfg = Debug|x64
		{A6F16282-D5B1-43C3-B2D0-18E6CBB51A2A}.Debug|x64.Build.0 = Debug|x64
		{A6F16282-D5B1-43C3-B2D0-18E6CBB51A2A}.Debug|x86.ActiveCfg = Debug|Win32
		{A6F16282-D5B1-43C3-B2D0-18E6CBB51A2A}.Debug|x86.Build.0 = Debug|Win32
		{A6F16282-D5B1-43C3-B2D0-18E6CBB51A2A}.Release|x64.ActiveCfg = Release|x64
		{A6F16282-D5B1-43C3-B2D0-18E6CBB51A2A}.Release|x64.Build.0 = Release|x64
		{A6F16282-D5B1-43C3-B2D0-18E6CBB51A2A}.Release|x86.ActiveCfg = Release|Win32
		{A6F16282-D5B1-43C3-B2D0-18E6CBB51A2A}.Release|x86.Build.0 = Release|Win32
		{4F69AC45-963D-4D4F-85EE-B195349D485A}.Debug|x64.ActiveCfg = Debug|x64
		{4F69AC45-963D-4D4F-85EE-B195349D485A}.Debug|x64.Build.0 = Debug|x64
		{4F69AC45-963D-4D4F-85EE-B195349D485A}.Debug|x86.ActiveCfg = Debug|Win32
		{4F69AC45-963D-4D4F-85EE-B195349D485A}.Debug|x86.Build.0 = Debug|Win32
		{4F69AC45-963D-4D4F-85EE-B195349D485A}.Release|x64.ActiveCfg = Release|x64
		{4F69AC45-963D-4D4F-85EE-B195349D485A}.Release|x64.Build.0 = Release|x64
		{4F69AC45-963D-4D4F-85EE-B195349D485A}.Release|x86.ActiveCfg = Release|Win32
		{4F69AC45-963D-4D4F-85EE-B195349D485A}.Release|x86.Build.0 = Release|Win32
		{78039C3C-A403-4363-8E79-27854D2B5C1B}.Debug|x64.ActiveCfg = Debug|x64
		{78039C3C-A403-4363-8E79-27854D2B5C1B}.Debug|x64.Build.0 = Debug|x64
		{78039C3C-A403-4363-8E79-27854D2B5C1B}.Debug|x86.ActiveCfg = Debug|Win32
		{78039C3C-A403-4363-8E79-27854D2B5C1B}.Debug|x86.Build.0 = Debug|Win32
		{78039C3C-A403-4363-8E79-27854D2B5C1B}.Release|x64.ActiveCfg = Release|x64
		{78039C3C-A403-4363-8E79-27854D2B5C1B}.Release|x64.Build.0 = Release|x64
		{78039C3C-A403-4363-8E79-27854D2B5C1B}.Release|x86.ActiveCfg = Release|Win32
		{78039C3C-A403-4363-8E79-27854D2B5C1B}.Release|x86.Build.0 = Release|Win32
	EndGlobalSection
	GlobalSection(SolutionProperties) = preSolution
		HideSolutionNode = FALSE
	EndGlobalSection
	GlobalSection(ExtensibilityGlobals) = postSolution
		SolutionGuid = {1ECE4B05-FC86-40FF-A700-BFB6C9C13394}
	EndGlobalSection
EndGlobal
