<?xml version="1.0" encoding="utf-8"?>
<Project ToolsVersion="4.0" xmlns="http://schemas.microsoft.com/developer/msbuild/2003">
  <ItemGroup>
    <Filter Include="源文件">
      <UniqueIdentifier>{4FC737F1-C7A5-4376-A066-2A32D752A2FF}</UniqueIdentifier>
      <Extensions>cpp;c;cc;cxx;def;odl;idl;hpj;bat;asm;asmx</Extensions>
    </Filter>
    <Filter Include="头文件">
      <UniqueIdentifier>{93995380-89BD-4b04-88EB-625FBE52EBFB}</UniqueIdentifier>
      <Extensions>h;hh;hpp;hxx;hm;inl;inc;xsd</Extensions>
    </Filter>
    <Filter Include="资源文件">
      <UniqueIdentifier>{67DA6AB6-F800-4c08-8B7A-83BB121AAD01}</UniqueIdentifier>
      <Extensions>rc;ico;cur;bmp;dlg;rc2;rct;bin;rgs;gif;jpg;jpeg;jpe;resx;tiff;tif;png;wav;mfcribbon-ms</Extensions>
    </Filter>
    <Filter Include="libevent">
      <UniqueIdentifier>{f2b548f3-daed-4852-bae3-2e1755286ccb}</UniqueIdentifier>
    </Filter>
    <Filter Include="libevent\event2">
      <UniqueIdentifier>{a021427f-da8c-4014-b84e-223637ff9367}</UniqueIdentifier>
    </Filter>
  </ItemGroup>
  <ItemGroup>
    <ClInclude Include="include\SocketBase.hpp">
      <Filter>头文件</Filter>
    </ClInclude>
    <ClInclude Include="include\SocketClient.hpp">
      <Filter>头文件</Filter>
    </ClInclude>
    <ClInclude Include="include\SocketServer.hpp">
      <Filter>头文件</Filter>
    </ClInclude>
    <ClInclude Include="libevent\evdns.h">
      <Filter>libevent</Filter>
    </ClInclude>
    <ClInclude Include="libevent\event.h">
      <Filter>libevent</Filter>
    </ClInclude>
    <ClInclude Include="libevent\evhttp.h">
      <Filter>libevent</Filter>
    </ClInclude>
    <ClInclude Include="libevent\evrpc.h">
      <Filter>libevent</Filter>
    </ClInclude>
    <ClInclude Include="libevent\evutil.h">
      <Filter>libevent</Filter>
    </ClInclude>
    <ClInclude Include="libevent\event2\buffer.h">
      <Filter>libevent\event2</Filter>
    </ClInclude>
    <ClInclude Include="libevent\event2\buffer_compat.h">
      <Filter>libevent\event2</Filter>
    </ClInclude>
    <ClInclude Include="libevent\event2\bufferevent.h">
      <Filter>libevent\event2</Filter>
    </ClInclude>
    <ClInclude Include="libevent\event2\bufferevent_compat.h">
      <Filter>libevent\event2</Filter>
    </ClInclude>
    <ClInclude Include="libevent\event2\bufferevent_ssl.h">
      <Filter>libevent\event2</Filter>
    </ClInclude>
    <ClInclude Include="libevent\event2\bufferevent_struct.h">
      <Filter>libevent\event2</Filter>
    </ClInclude>
    <ClInclude Include="libevent\event2\dns.h">
      <Filter>libevent\event2</Filter>
    </ClInclude>
    <ClInclude Include="libevent\event2\dns_compat.h">
      <Filter>libevent\event2</Filter>
    </ClInclude>
    <ClInclude Include="libevent\event2\dns_struct.h">
      <Filter>libevent\event2</Filter>
    </ClInclude>
    <ClInclude Include="libevent\event2\event.h">
      <Filter>libevent\event2</Filter>
    </ClInclude>
    <ClInclude Include="libevent\event2\event_compat.h">
      <Filter>libevent\event2</Filter>
    </ClInclude>
    <ClInclude Include="libevent\event2\event_struct.h">
      <Filter>libevent\event2</Filter>
    </ClInclude>
    <ClInclude Include="libevent\event2\event-config.h">
      <Filter>libevent\event2</Filter>
    </ClInclude>
    <ClInclude Include="libevent\event2\event-config-linux.h">
      <Filter>libevent\event2</Filter>
    </ClInclude>
    <ClInclude Include="libevent\event2\event-config-win32.h">
      <Filter>libevent\event2</Filter>
    </ClInclude>
    <ClInclude Include="libevent\event2\http.h">
      <Filter>libevent\event2</Filter>
    </ClInclude>
    <ClInclude Include="libevent\event2\http_compat.h">
      <Filter>libevent\event2</Filter>
    </ClInclude>
    <ClInclude Include="libevent\event2\http_struct.h">
      <Filter>libevent\event2</Filter>
    </ClInclude>
    <ClInclude Include="libevent\event2\keyvalq_struct.h">
      <Filter>libevent\event2</Filter>
    </ClInclude>
    <ClInclude Include="libevent\event2\listener.h">
      <Filter>libevent\event2</Filter>
    </ClInclude>
    <ClInclude Include="libevent\event2\rpc.h">
      <Filter>libevent\event2</Filter>
    </ClInclude>
    <ClInclude Include="libevent\event2\rpc_compat.h">
      <Filter>libevent\event2</Filter>
    </ClInclude>
    <ClInclude Include="libevent\event2\rpc_struct.h">
      <Filter>libevent\event2</Filter>
    </ClInclude>
    <ClInclude Include="libevent\event2\tag.h">
      <Filter>libevent\event2</Filter>
    </ClInclude>
    <ClInclude Include="libevent\event2\tag_compat.h">
      <Filter>libevent\event2</Filter>
    </ClInclude>
    <ClInclude Include="libevent\event2\thread.h">
      <Filter>libevent\event2</Filter>
    </ClInclude>
    <ClInclude Include="libevent\event2\util.h">
      <Filter>libevent\event2</Filter>
    </ClInclude>
    <ClInclude Include="libevent\event2\visibility.h">
      <Filter>libevent\event2</Filter>
    </ClInclude>
    <ClInclude Include="include\DigitCoding.hpp">
      <Filter>头文件</Filter>
    </ClInclude>
  </ItemGroup>
  <ItemGroup>
    <ClCompile Include="src\SocketBase.cpp">
      <Filter>源文件</Filter>
    </ClCompile>
    <ClCompile Include="src\SocketClient.cpp">
      <Filter>源文件</Filter>
    </ClCompile>
    <ClCompile Include="src\SocketServer.cpp">
      <Filter>源文件</Filter>
    </ClCompile>
    <ClCompile Include="src\DigitCoding.cpp">
      <Filter>源文件</Filter>
    </ClCompile>
  </ItemGroup>
  <ItemGroup>
    <Text Include="CMakeLists.txt" />
  </ItemGroup>
</Project>